// !$*UTF8*$!
{
	archiveVersion = 1;
	classes = {
	};
	objectVersion = 46;
	objects = {

/* Begin PBXBuildFile section */
		8A0D8A961E3D5B5F001182A6 /* AppDelegate.swift in Sources */ = {isa = PBXBuildFile; fileRef = 8A0D8A951E3D5B5F001182A6 /* AppDelegate.swift */; };
		8A0D8A981E3D5B5F001182A6 /* ViewController.swift in Sources */ = {isa = PBXBuildFile; fileRef = 8A0D8A971E3D5B5F001182A6 /* ViewController.swift */; };
		8A0D8A9B1E3D5B5F001182A6 /* Main.storyboard in Resources */ = {isa = PBXBuildFile; fileRef = 8A0D8A991E3D5B5F001182A6 /* Main.storyboard */; };
		8A0D8A9D1E3D5B5F001182A6 /* Assets.xcassets in Resources */ = {isa = PBXBuildFile; fileRef = 8A0D8A9C1E3D5B5F001182A6 /* Assets.xcassets */; };
		8A0D8AA01E3D5B5F001182A6 /* LaunchScreen.storyboard in Resources */ = {isa = PBXBuildFile; fileRef = 8A0D8A9E1E3D5B5F001182A6 /* LaunchScreen.storyboard */; };
		8A0D8AAB1E3D5B5F001182A6 /* TraxyAppTests.swift in Sources */ = {isa = PBXBuildFile; fileRef = 8A0D8AAA1E3D5B5F001182A6 /* TraxyAppTests.swift */; };
		8A0D8AB61E3D5B5F001182A6 /* TraxyAppUITests.swift in Sources */ = {isa = PBXBuildFile; fileRef = 8A0D8AB51E3D5B5F001182A6 /* TraxyAppUITests.swift */; };
/* End PBXBuildFile section */

/* Begin PBXContainerItemProxy section */
		8A0D8AA71E3D5B5F001182A6 /* PBXContainerItemProxy */ = {
			isa = PBXContainerItemProxy;
			containerPortal = 8A0D8A8A1E3D5B5F001182A6 /* Project object */;
			proxyType = 1;
			remoteGlobalIDString = 8A0D8A911E3D5B5F001182A6;
			remoteInfo = TraxyApp;
		};
		8A0D8AB21E3D5B5F001182A6 /* PBXContainerItemProxy */ = {
			isa = PBXContainerItemProxy;
			containerPortal = 8A0D8A8A1E3D5B5F001182A6 /* Project object */;
			proxyType = 1;
			remoteGlobalIDString = 8A0D8A911E3D5B5F001182A6;
			remoteInfo = TraxyApp;
		};
/* End PBXContainerItemProxy section */

/* Begin PBXFileReference section */
		8A0D8A921E3D5B5F001182A6 /* TraxyApp.app */ = {isa = PBXFileReference; explicitFileType = wrapper.application; includeInIndex = 0; path = TraxyApp.app; sourceTree = BUILT_PRODUCTS_DIR; };
		8A0D8A951E3D5B5F001182A6 /* AppDelegate.swift */ = {isa = PBXFileReference; lastKnownFileType = sourcecode.swift; path = AppDelegate.swift; sourceTree = "<group>"; };
		8A0D8A971E3D5B5F001182A6 /* ViewController.swift */ = {isa = PBXFileReference; lastKnownFileType = sourcecode.swift; path = ViewController.swift; sourceTree = "<group>"; };
		8A0D8A9A1E3D5B5F001182A6 /* Base */ = {isa = PBXFileReference; lastKnownFileType = file.storyboard; name = Base; path = Base.lproj/Main.storyboard; sourceTree = "<group>"; };
		8A0D8A9C1E3D5B5F001182A6 /* Assets.xcassets */ = {isa = PBXFileReference; lastKnownFileType = folder.assetcatalog; path = Assets.xcassets; sourceTree = "<group>"; };
		8A0D8A9F1E3D5B5F001182A6 /* Base */ = {isa = PBXFileReference; lastKnownFileType = file.storyboard; name = Base; path = Base.lproj/LaunchScreen.storyboard; sourceTree = "<group>"; };
		8A0D8AA11E3D5B5F001182A6 /* Info.plist */ = {isa = PBXFileReference; lastKnownFileType = text.plist.xml; path = Info.plist; sourceTree = "<group>"; };
		8A0D8AA61E3D5B5F001182A6 /* TraxyAppTests.xctest */ = {isa = PBXFileReference; explicitFileType = wrapper.cfbundle; includeInIndex = 0; path = TraxyAppTests.xctest; sourceTree = BUILT_PRODUCTS_DIR; };
		8A0D8AAA1E3D5B5F001182A6 /* TraxyAppTests.swift */ = {isa = PBXFileReference; lastKnownFileType = sourcecode.swift; path = TraxyAppTests.swift; sourceTree = "<group>"; };
		8A0D8AAC1E3D5B5F001182A6 /* Info.plist */ = {isa = PBXFileReference; lastKnownFileType = text.plist.xml; path = Info.plist; sourceTree = "<group>"; };
		8A0D8AB11E3D5B5F001182A6 /* TraxyAppUITests.xctest */ = {isa = PBXFileReference; explicitFileType = wrapper.cfbundle; includeInIndex = 0; path = TraxyAppUITests.xctest; sourceTree = BUILT_PRODUCTS_DIR; };
		8A0D8AB51E3D5B5F001182A6 /* TraxyAppUITests.swift */ = {isa = PBXFileReference; lastKnownFileType = sourcecode.swift; path = TraxyAppUITests.swift; sourceTree = "<group>"; };
		8A0D8AB71E3D5B5F001182A6 /* Info.plist */ = {isa = PBXFileReference; lastKnownFileType = text.plist.xml; path = Info.plist; sourceTree = "<group>"; };
/* End PBXFileReference section */

/* Begin PBXFrameworksBuildPhase section */
		8A0D8A8F1E3D5B5F001182A6 /* Frameworks */ = {
			isa = PBXFrameworksBuildPhase;
			buildActionMask = 2147483647;
			files = (
			);
			runOnlyForDeploymentPostprocessing = 0;
		};
		8A0D8AA31E3D5B5F001182A6 /* Frameworks */ = {
			isa = PBXFrameworksBuildPhase;
			buildActionMask = 2147483647;
			files = (
			);
			runOnlyForDeploymentPostprocessing = 0;
		};
		8A0D8AAE1E3D5B5F001182A6 /* Frameworks */ = {
			isa = PBXFrameworksBuildPhase;
			buildActionMask = 2147483647;
			files = (
			);
			runOnlyForDeploymentPostprocessing = 0;
		};
/* End PBXFrameworksBuildPhase section */

/* Begin PBXGroup section */
		8A0D8A891E3D5B5F001182A6 = {
			isa = PBXGroup;
			children = (
				8A0D8A941E3D5B5F001182A6 /* TraxyApp */,
				8A0D8AA91E3D5B5F001182A6 /* TraxyAppTests */,
				8A0D8AB41E3D5B5F001182A6 /* TraxyAppUITests */,
				8A0D8A931E3D5B5F001182A6 /* Products */,
			);
			sourceTree = "<group>";
		};
		8A0D8A931E3D5B5F001182A6 /* Products */ = {
			isa = PBXGroup;
			children = (
				8A0D8A921E3D5B5F001182A6 /* TraxyApp.app */,
				8A0D8AA61E3D5B5F001182A6 /* TraxyAppTests.xctest */,
				8A0D8AB11E3D5B5F001182A6 /* TraxyAppUITests.xctest */,
			);
			name = Products;
			sourceTree = "<group>";
		};
		8A0D8A941E3D5B5F001182A6 /* TraxyApp */ = {
			isa = PBXGroup;
			children = (
				8A0D8A951E3D5B5F001182A6 /* AppDelegate.swift */,
				8A0D8A971E3D5B5F001182A6 /* ViewController.swift */,
				8A0D8A991E3D5B5F001182A6 /* Main.storyboard */,
				8A0D8A9C1E3D5B5F001182A6 /* Assets.xcassets */,
				8A0D8A9E1E3D5B5F001182A6 /* LaunchScreen.storyboard */,
				8A0D8AA11E3D5B5F001182A6 /* Info.plist */,
			);
			path = TraxyApp;
			sourceTree = "<group>";
		};
		8A0D8AA91E3D5B5F001182A6 /* TraxyAppTests */ = {
			isa = PBXGroup;
			children = (
				8A0D8AAA1E3D5B5F001182A6 /* TraxyAppTests.swift */,
				8A0D8AAC1E3D5B5F001182A6 /* Info.plist */,
			);
			path = TraxyAppTests;
			sourceTree = "<group>";
		};
		8A0D8AB41E3D5B5F001182A6 /* TraxyAppUITests */ = {
			isa = PBXGroup;
			children = (
				8A0D8AB51E3D5B5F001182A6 /* TraxyAppUITests.swift */,
				8A0D8AB71E3D5B5F001182A6 /* Info.plist */,
			);
			path = TraxyAppUITests;
			sourceTree = "<group>";
		};
/* End PBXGroup section */

/* Begin PBXNativeTarget section */
		8A0D8A911E3D5B5F001182A6 /* TraxyApp */ = {
			isa = PBXNativeTarget;
			buildConfigurationList = 8A0D8ABA1E3D5B5F001182A6 /* Build configuration list for PBXNativeTarget "TraxyApp" */;
			buildPhases = (
				8A0D8A8E1E3D5B5F001182A6 /* Sources */,
				8A0D8A8F1E3D5B5F001182A6 /* Frameworks */,
				8A0D8A901E3D5B5F001182A6 /* Resources */,
			);
			buildRules = (
			);
			dependencies = (
			);
			name = TraxyApp;
			productName = TraxyApp;
			productReference = 8A0D8A921E3D5B5F001182A6 /* TraxyApp.app */;
			productType = "com.apple.product-type.application";
		};
		8A0D8AA51E3D5B5F001182A6 /* TraxyAppTests */ = {
			isa = PBXNativeTarget;
			buildConfigurationList = 8A0D8ABD1E3D5B5F001182A6 /* Build configuration list for PBXNativeTarget "TraxyAppTests" */;
			buildPhases = (
				8A0D8AA21E3D5B5F001182A6 /* Sources */,
				8A0D8AA31E3D5B5F001182A6 /* Frameworks */,
				8A0D8AA41E3D5B5F001182A6 /* Resources */,
			);
			buildRules = (
			);
			dependencies = (
				8A0D8AA81E3D5B5F001182A6 /* PBXTargetDependency */,
			);
			name = TraxyAppTests;
			productName = TraxyAppTests;
			productReference = 8A0D8AA61E3D5B5F001182A6 /* TraxyAppTests.xctest */;
			productType = "com.apple.product-type.bundle.unit-test";
		};
		8A0D8AB01E3D5B5F001182A6 /* TraxyAppUITests */ = {
			isa = PBXNativeTarget;
			buildConfigurationList = 8A0D8AC01E3D5B5F001182A6 /* Build configuration list for PBXNativeTarget "TraxyAppUITests" */;
			buildPhases = (
				8A0D8AAD1E3D5B5F001182A6 /* Sources */,
				8A0D8AAE1E3D5B5F001182A6 /* Frameworks */,
				8A0D8AAF1E3D5B5F001182A6 /* Resources */,
			);
			buildRules = (
			);
			dependencies = (
				8A0D8AB31E3D5B5F001182A6 /* PBXTargetDependency */,
			);
			name = TraxyAppUITests;
			productName = TraxyAppUITests;
			productReference = 8A0D8AB11E3D5B5F001182A6 /* TraxyAppUITests.xctest */;
			productType = "com.apple.product-type.bundle.ui-testing";
		};
/* End PBXNativeTarget section */

/* Begin PBXProject section */
		8A0D8A8A1E3D5B5F001182A6 /* Project object */ = {
			isa = PBXProject;
			attributes = {
				LastSwiftUpdateCheck = 0820;
				LastUpgradeCheck = 0820;
				ORGANIZATIONNAME = "Josiah Campbell";
				TargetAttributes = {
					8A0D8A911E3D5B5F001182A6 = {
						CreatedOnToolsVersion = 8.2.1;
						ProvisioningStyle = Automatic;
					};
					8A0D8AA51E3D5B5F001182A6 = {
						CreatedOnToolsVersion = 8.2.1;
						ProvisioningStyle = Automatic;
						TestTargetID = 8A0D8A911E3D5B5F001182A6;
					};
					8A0D8AB01E3D5B5F001182A6 = {
						CreatedOnToolsVersion = 8.2.1;
						ProvisioningStyle = Automatic;
						TestTargetID = 8A0D8A911E3D5B5F001182A6;
					};
				};
			};
			buildConfigurationList = 8A0D8A8D1E3D5B5F001182A6 /* Build configuration list for PBXProject "TraxyApp" */;
			compatibilityVersion = "Xcode 3.2";
			developmentRegion = English;
			hasScannedForEncodings = 0;
			knownRegions = (
				en,
				Base,
			);
			mainGroup = 8A0D8A891E3D5B5F001182A6;
			productRefGroup = 8A0D8A931E3D5B5F001182A6 /* Products */;
			projectDirPath = "";
			projectRoot = "";
			targets = (
				8A0D8A911E3D5B5F001182A6 /* TraxyApp */,
				8A0D8AA51E3D5B5F001182A6 /* TraxyAppTests */,
				8A0D8AB01E3D5B5F001182A6 /* TraxyAppUITests */,
			);
		};
/* End PBXProject section */

/* Begin PBXResourcesBuildPhase section */
		8A0D8A901E3D5B5F001182A6 /* Resources */ = {
			isa = PBXResourcesBuildPhase;
			buildActionMask = 2147483647;
			files = (
				8A0D8AA01E3D5B5F001182A6 /* LaunchScreen.storyboard in Resources */,
				8A0D8A9D1E3D5B5F001182A6 /* Assets.xcassets in Resources */,
				8A0D8A9B1E3D5B5F001182A6 /* Main.storyboard in Resources */,
			);
			runOnlyForDeploymentPostprocessing = 0;
		};
		8A0D8AA41E3D5B5F001182A6 /* Resources */ = {
			isa = PBXResourcesBuildPhase;
			buildActionMask = 2147483647;
			files = (
			);
			runOnlyForDeploymentPostprocessing = 0;
		};
		8A0D8AAF1E3D5B5F001182A6 /* Resources */ = {
			isa = PBXResourcesBuildPhase;
			buildActionMask = 2147483647;
			files = (
			);
			runOnlyForDeploymentPostprocessing = 0;
		};
/* End PBXResourcesBuildPhase section */

/* Begin PBXSourcesBuildPhase section */
		8A0D8A8E1E3D5B5F001182A6 /* Sources */ = {
			isa = PBXSourcesBuildPhase;
			buildActionMask = 2147483647;
			files = (
				8A0D8A981E3D5B5F001182A6 /* ViewController.swift in Sources */,
				8A0D8A961E3D5B5F001182A6 /* AppDelegate.swift in Sources */,
			);
			runOnlyForDeploymentPostprocessing = 0;
		};
		8A0D8AA21E3D5B5F001182A6 /* Sources */ = {
			isa = PBXSourcesBuildPhase;
			buildActionMask = 2147483647;
			files = (
				8A0D8AAB1E3D5B5F001182A6 /* TraxyAppTests.swift in Sources */,
			);
			runOnlyForDeploymentPostprocessing = 0;
		};
		8A0D8AAD1E3D5B5F001182A6 /* Sources */ = {
			isa = PBXSourcesBuildPhase;
			buildActionMask = 2147483647;
			files = (
				8A0D8AB61E3D5B5F001182A6 /* TraxyAppUITests.swift in Sources */,
			);
			runOnlyForDeploymentPostprocessing = 0;
		};
/* End PBXSourcesBuildPhase section */

/* Begin PBXTargetDependency section */
		8A0D8AA81E3D5B5F001182A6 /* PBXTargetDependency */ = {
			isa = PBXTargetDependency;
			target = 8A0D8A911E3D5B5F001182A6 /* TraxyApp */;
			targetProxy = 8A0D8AA71E3D5B5F001182A6 /* PBXContainerItemProxy */;
		};
		8A0D8AB31E3D5B5F001182A6 /* PBXTargetDependency */ = {
			isa = PBXTargetDependency;
			target = 8A0D8A911E3D5B5F001182A6 /* TraxyApp */;
			targetProxy = 8A0D8AB21E3D5B5F001182A6 /* PBXContainerItemProxy */;
		};
/* End PBXTargetDependency section */

/* Begin PBXVariantGroup section */
		8A0D8A991E3D5B5F001182A6 /* Main.storyboard */ = {
			isa = PBXVariantGroup;
			children = (
				8A0D8A9A1E3D5B5F001182A6 /* Base */,
			);
			name = Main.storyboard;
			sourceTree = "<group>";
		};
		8A0D8A9E1E3D5B5F001182A6 /* LaunchScreen.storyboard */ = {
			isa = PBXVariantGroup;
			children = (
				8A0D8A9F1E3D5B5F001182A6 /* Base */,
			);
			name = LaunchScreen.storyboard;
			sourceTree = "<group>";
		};
/* End PBXVariantGroup section */

/* Begin XCBuildConfiguration section */
		8A0D8AB81E3D5B5F001182A6 /* Debug */ = {
			isa = XCBuildConfiguration;
			buildSettings = {
				ALWAYS_SEARCH_USER_PATHS = NO;
				CLANG_ANALYZER_NONNULL = YES;
				CLANG_CXX_LANGUAGE_STANDARD = "gnu++0x";
				CLANG_CXX_LIBRARY = "libc++";
				CLANG_ENABLE_MODULES = YES;
				CLANG_ENABLE_OBJC_ARC = YES;
				CLANG_WARN_BOOL_CONVERSION = YES;
				CLANG_WARN_CONSTANT_CONVERSION = YES;
				CLANG_WARN_DIRECT_OBJC_ISA_USAGE = YES_ERROR;
				CLANG_WARN_DOCUMENTATION_COMMENTS = YES;
				CLANG_WARN_EMPTY_BODY = YES;
				CLANG_WARN_ENUM_CONVERSION = YES;
				CLANG_WARN_INFINITE_RECURSION = YES;
				CLANG_WARN_INT_CONVERSION = YES;
				CLANG_WARN_OBJC_ROOT_CLASS = YES_ERROR;
				CLANG_WARN_SUSPICIOUS_MOVE = YES;
				CLANG_WARN_UNREACHABLE_CODE = YES;
				CLANG_WARN__DUPLICATE_METHOD_MATCH = YES;
				"CODE_SIGN_IDENTITY[sdk=iphoneos*]" = "iPhone Developer";
				COPY_PHASE_STRIP = NO;
				DEBUG_INFORMATION_FORMAT = dwarf;
				ENABLE_STRICT_OBJC_MSGSEND = YES;
				ENABLE_TESTABILITY = YES;
				GCC_C_LANGUAGE_STANDARD = gnu99;
				GCC_DYNAMIC_NO_PIC = NO;
				GCC_NO_COMMON_BLOCKS = YES;
				GCC_OPTIMIZATION_LEVEL = 0;
				GCC_PREPROCESSOR_DEFINITIONS = (
					"DEBUG=1",
					"$(inherited)",
				);
				GCC_WARN_64_TO_32_BIT_CONVERSION = YES;
				GCC_WARN_ABOUT_RETURN_TYPE = YES_ERROR;
				GCC_WARN_UNDECLARED_SELECTOR = YES;
				GCC_WARN_UNINITIALIZED_AUTOS = YES_AGGRESSIVE;
				GCC_WARN_UNUSED_FUNCTION = YES;
				GCC_WARN_UNUSED_VARIABLE = YES;
				IPHONEOS_DEPLOYMENT_TARGET = 10.2;
				MTL_ENABLE_DEBUG_INFO = YES;
				ONLY_ACTIVE_ARCH = YES;
				SDKROOT = iphoneos;
				SWIFT_ACTIVE_COMPILATION_CONDITIONS = DEBUG;
				SWIFT_OPTIMIZATION_LEVEL = "-Onone";
			};
			name = Debug;
		};
		8A0D8AB91E3D5B5F001182A6 /* Release */ = {
			isa = XCBuildConfiguration;
			buildSettings = {
				ALWAYS_SEARCH_USER_PATHS = NO;
				CLANG_ANALYZER_NONNULL = YES;
				CLANG_CXX_LANGUAGE_STANDARD = "gnu++0x";
				CLANG_CXX_LIBRARY = "libc++";
				CLANG_ENABLE_MODULES = YES;
				CLANG_ENABLE_OBJC_ARC = YES;
				CLANG_WARN_BOOL_CONVERSION = YES;
				CLANG_WARN_CONSTANT_CONVERSION = YES;
				CLANG_WARN_DIRECT_OBJC_ISA_USAGE = YES_ERROR;
				CLANG_WARN_DOCUMENTATION_COMMENTS = YES;
				CLANG_WARN_EMPTY_BODY = YES;
				CLANG_WARN_ENUM_CONVERSION = YES;
				CLANG_WARN_INFINITE_RECURSION = YES;
				CLANG_WARN_INT_CONVERSION = YES;
				CLANG_WARN_OBJC_ROOT_CLASS = YES_ERROR;
				CLANG_WARN_SUSPICIOUS_MOVE = YES;
				CLANG_WARN_UNREACHABLE_CODE = YES;
				CLANG_WARN__DUPLICATE_METHOD_MATCH = YES;
				"CODE_SIGN_IDENTITY[sdk=iphoneos*]" = "iPhone Developer";
				COPY_PHASE_STRIP = NO;
				DEBUG_INFORMATION_FORMAT = "dwarf-with-dsym";
				ENABLE_NS_ASSERTIONS = NO;
				ENABLE_STRICT_OBJC_MSGSEND = YES;
				GCC_C_LANGUAGE_STANDARD = gnu99;
				GCC_NO_COMMON_BLOCKS = YES;
				GCC_WARN_64_TO_32_BIT_CONVERSION = YES;
				GCC_WARN_ABOUT_RETURN_TYPE = YES_ERROR;
				GCC_WARN_UNDECLARED_SELECTOR = YES;
				GCC_WARN_UNINITIALIZED_AUTOS = YES_AGGRESSIVE;
				GCC_WARN_UNUSED_FUNCTION = YES;
				GCC_WARN_UNUSED_VARIABLE = YES;
				IPHONEOS_DEPLOYMENT_TARGET = 10.2;
				MTL_ENABLE_DEBUG_INFO = NO;
				SDKROOT = iphoneos;
				SWIFT_OPTIMIZATION_LEVEL = "-Owholemodule";
				VALIDATE_PRODUCT = YES;
			};
			name = Release;
		};
		8A0D8ABB1E3D5B5F001182A6 /* Debug */ = {
			isa = XCBuildConfiguration;
			buildSettings = {
				ASSETCATALOG_COMPILER_APPICON_NAME = AppIcon;
				INFOPLIST_FILE = TraxyApp/Info.plist;
				LD_RUNPATH_SEARCH_PATHS = "$(inherited) @executable_path/Frameworks";
				PRODUCT_BUNDLE_IDENTIFIER = edu.gvsu.cis.campbjos.TraxyApp;
				PRODUCT_NAME = "$(TARGET_NAME)";
				SWIFT_VERSION = 3.0;
			};
			name = Debug;
		};
		8A0D8ABC1E3D5B5F001182A6 /* Release */ = {
			isa = XCBuildConfiguration;
			buildSettings = {
				ASSETCATALOG_COMPILER_APPICON_NAME = AppIcon;
				INFOPLIST_FILE = TraxyApp/Info.plist;
				LD_RUNPATH_SEARCH_PATHS = "$(inherited) @executable_path/Frameworks";
				PRODUCT_BUNDLE_IDENTIFIER = edu.gvsu.cis.campbjos.TraxyApp;
				PRODUCT_NAME = "$(TARGET_NAME)";
				SWIFT_VERSION = 3.0;
			};
			name = Release;
		};
		8A0D8ABE1E3D5B5F001182A6 /* Debug */ = {
			isa = XCBuildConfiguration;
			buildSettings = {
				ALWAYS_EMBED_SWIFT_STANDARD_LIBRARIES = YES;
				BUNDLE_LOADER = "$(TEST_HOST)";
				INFOPLIST_FILE = TraxyAppTests/Info.plist;
				LD_RUNPATH_SEARCH_PATHS = "$(inherited) @executable_path/Frameworks @loader_path/Frameworks";
				PRODUCT_BUNDLE_IDENTIFIER = edu.gvsu.cis.campbjos.TraxyAppTests;
				PRODUCT_NAME = "$(TARGET_NAME)";
				SWIFT_VERSION = 3.0;
				TEST_HOST = "$(BUILT_PRODUCTS_DIR)/TraxyApp.app/TraxyApp";
			};
			name = Debug;
		};
		8A0D8ABF1E3D5B5F001182A6 /* Release */ = {
			isa = XCBuildConfiguration;
			buildSettings = {
				ALWAYS_EMBED_SWIFT_STANDARD_LIBRARIES = YES;
				BUNDLE_LOADER = "$(TEST_HOST)";
				INFOPLIST_FILE = TraxyAppTests/Info.plist;
				LD_RUNPATH_SEARCH_PATHS = "$(inherited) @executable_path/Frameworks @loader_path/Frameworks";
				PRODUCT_BUNDLE_IDENTIFIER = edu.gvsu.cis.campbjos.TraxyAppTests;
				PRODUCT_NAME = "$(TARGET_NAME)";
				SWIFT_VERSION = 3.0;
				TEST_HOST = "$(BUILT_PRODUCTS_DIR)/TraxyApp.app/TraxyApp";
			};
			name = Release;
		};
		8A0D8AC11E3D5B5F001182A6 /* Debug */ = {
			isa = XCBuildConfiguration;
			buildSettings = {
				ALWAYS_EMBED_SWIFT_STANDARD_LIBRARIES = YES;
				INFOPLIST_FILE = TraxyAppUITests/Info.plist;
				LD_RUNPATH_SEARCH_PATHS = "$(inherited) @executable_path/Frameworks @loader_path/Frameworks";
				PRODUCT_BUNDLE_IDENTIFIER = edu.gvsu.cis.campbjos.TraxyAppUITests;
				PRODUCT_NAME = "$(TARGET_NAME)";
				SWIFT_VERSION = 3.0;
				TEST_TARGET_NAME = TraxyApp;
			};
			name = Debug;
		};
		8A0D8AC21E3D5B5F001182A6 /* Release */ = {
			isa = XCBuildConfiguration;
			buildSettings = {
				ALWAYS_EMBED_SWIFT_STANDARD_LIBRARIES = YES;
				INFOPLIST_FILE = TraxyAppUITests/Info.plist;
				LD_RUNPATH_SEARCH_PATHS = "$(inherited) @executable_path/Frameworks @loader_path/Frameworks";
				PRODUCT_BUNDLE_IDENTIFIER = edu.gvsu.cis.campbjos.TraxyAppUITests;
				PRODUCT_NAME = "$(TARGET_NAME)";
				SWIFT_VERSION = 3.0;
				TEST_TARGET_NAME = TraxyApp;
			};
			name = Release;
		};
/* End XCBuildConfiguration section */

/* Begin XCConfigurationList section */
		8A0D8A8D1E3D5B5F001182A6 /* Build configuration list for PBXProject "TraxyApp" */ = {
			isa = XCConfigurationList;
			buildConfigurations = (
				8A0D8AB81E3D5B5F001182A6 /* Debug */,
				8A0D8AB91E3D5B5F001182A6 /* Release */,
			);
			defaultConfigurationIsVisible = 0;
			defaultConfigurationName = Release;
		};
		8A0D8ABA1E3D5B5F001182A6 /* Build configuration list for PBXNativeTarget "TraxyApp" */ = {
			isa = XCConfigurationList;
			buildConfigurations = (
				8A0D8ABB1E3D5B5F001182A6 /* Debug */,
				8A0D8ABC1E3D5B5F001182A6 /* Release */,
			);
			defaultConfigurationIsVisible = 0;
		};
		8A0D8ABD1E3D5B5F001182A6 /* Build configuration list for PBXNativeTarget "TraxyAppTests" */ = {
			isa = XCConfigurationList;
			buildConfigurations = (
				8A0D8ABE1E3D5B5F001182A6 /* Debug */,
				8A0D8ABF1E3D5B5F001182A6 /* Release */,
			);
			defaultConfigurationIsVisible = 0;
		};
		8A0D8AC01E3D5B5F001182A6 /* Build configuration list for PBXNativeTarget "TraxyAppUITests" */ = {
			isa = XCConfigurationList;
			buildConfigurations = (
				8A0D8AC11E3D5B5F001182A6 /* Debug */,
				8A0D8AC21E3D5B5F001182A6 /* Release */,
			);
			defaultConfigurationIsVisible = 0;
		};
/* End XCConfigurationList section */
	};
	rootObject = 8A0D8A8A1E3D5B5F001182A6 /* Project object */;
}
