// !$*UTF8*$!
{
	archiveVersion = 1;
	classes = {
	};
	objectVersion = 46;
	objects = {

/* Begin PBXFileReference section */
		46DFA7FEA6315ACB8334334A /* Playground.swift */ = {isa = PBXFileReference; fileEncoding = 4; lastKnownFileType = sourcecode.swift; path = Playground.swift; sourceTree = "<group>"; };
/* End PBXFileReference section */

/* Begin PBXGroup section */
		46DFA1402D8A2C695EE883A9 /* Products */ = {
			isa = PBXGroup;
			children = (
			);
			name = Products;
			sourceTree = "<group>";
		};
		46DFA7CDFC217983E4E2D184 = {
			isa = PBXGroup;
			children = (
				46DFA1402D8A2C695EE883A9 /* Products */,
				46DFA7FEA6315ACB8334334A /* Playground.swift */,
			);
			sourceTree = "<group>";
		};
/* End PBXGroup section */

/* Begin PBXProject section */
		46DFA019D09AA162AE0E3161 /* Project object */ = {
			isa = PBXProject;
			buildConfigurationList = 46DFACDDC1C215C77212DD5C /* Build configuration list for PBXProject "assignment1" */;
			compatibilityVersion = "Xcode 3.2";
			developmentRegion = English;
			hasScannedForEncodings = 0;
			knownRegions = (
				en,
			);
			mainGroup = 46DFA7CDFC217983E4E2D184;
			productRefGroup = 46DFA1402D8A2C695EE883A9 /* Products */;
			projectDirPath = "";
			projectRoot = "";
			targets = (
			);
		};
/* End PBXProject section */

/* Begin XCBuildConfiguration section */
		46DFA01E06DD1A4AD15B04D9 /* Debug */ = {
			isa = XCBuildConfiguration;
			buildSettings = {
			};
			name = Debug;
		};
		46DFA0FCCFE7993D8E3B943A /* Release */ = {
			isa = XCBuildConfiguration;
			buildSettings = {
			};
			name = Release;
		};
/* End XCBuildConfiguration section */

/* Begin XCConfigurationList section */
		46DFACDDC1C215C77212DD5C /* Build configuration list for PBXProject "assignment1" */ = {
			isa = XCConfigurationList;
			buildConfigurations = (
				46DFA01E06DD1A4AD15B04D9 /* Debug */,
				46DFA0FCCFE7993D8E3B943A /* Release */,
			);
			defaultConfigurationIsVisible = 0;
			defaultConfigurationName = Release;
		};
/* End XCConfigurationList section */
	};
	rootObject = 46DFA019D09AA162AE0E3161 /* Project object */;
}
